# This file is automatically @generated by Poetry 2.1.3 and should not be changed by hand.

[[package]]
name = "aiofiles"
version = "23.2.1"
description = "File support for asyncio."
optional = false
python-versions = ">=3.7"
groups = ["main"]
files = [
    {file = "aiofiles-23.2.1-py3-none-any.whl", hash = "sha256:19297512c647d4b27a2cf7c34caa7e405c0d60b5560618a29a9fe027b18b0107"},
    {file = "aiofiles-23.2.1.tar.gz", hash = "sha256:84ec2218d8419404abcb9f0c02df3f34c6e0a68ed41072acfb1cef5cbc29051a"},
]

[[package]]
name = "async-typer"
version = "0.1.10"
description = "A simple async wrapper for typer"
optional = false
python-versions = "<4.0,>=3.10"
groups = ["main"]
files = [
    {file = "async_typer-0.1.10-py3-none-any.whl", hash = "sha256:25aadaf6e54c1d47a9c2d6a2bbb0832a2a2fe700be4bb52f38843514d724b380"},
    {file = "async_typer-0.1.10.tar.gz", hash = "sha256:69a857a2b66a8604e4bac3b5c44a6384b35da9f5314c7847da561e874b2bad39"},
]

[package.dependencies]
typer = ">=0.9.0,<1.0.0"

[[package]]
name = "click"
version = "8.1.8"
description = "Composable command line interface toolkit"
optional = false
python-versions = ">=3.7"
groups = ["main"]
files = [
    {file = "click-8.1.8-py3-none-any.whl", hash = "sha256:63c132bbbed01578a06712a2d1f497bb62d9c1c0d329b7903a866228027263b2"},
    {file = "click-8.1.8.tar.gz", hash = "sha256:ed53c9d8990d83c2a27deae68e4ee337473f6330c040a31d4225c9574d16096a"},
]

[package.dependencies]
colorama = {version = "*", markers = "platform_system == \"Windows\""}

[[package]]
name = "colorama"
version = "0.4.6"
description = "Cross-platform colored terminal text."
optional = false
python-versions = "!=3.0.*,!=3.1.*,!=3.2.*,!=3.3.*,!=3.4.*,!=3.5.*,!=3.6.*,>=2.7"
groups = ["main"]
markers = "platform_system == \"Windows\""
files = [
    {file = "colorama-0.4.6-py2.py3-none-any.whl", hash = "sha256:4f1d9991f5acc0ca119f9d443620b77f9d6b33703e51011c16baf57afb285fc6"},
    {file = "colorama-0.4.6.tar.gz", hash = "sha256:08695f5cb7ed6e0531a20572697297273c47b8cae5a63ffc6d6ed5c201be6e44"},
]

[[package]]
name = "markdown-it-py"
version = "3.0.0"
description = "Python port of markdown-it. Markdown parsing, done right!"
optional = false
python-versions = ">=3.8"
groups = ["main"]
files = [
    {file = "markdown-it-py-3.0.0.tar.gz", hash = "sha256:e3f60a94fa066dc52ec76661e37c851cb232d92f9886b15cb560aaada2df8feb"},
    {file = "markdown_it_py-3.0.0-py3-none-any.whl", hash = "sha256:355216845c60bd96232cd8d8c40e8f9765cc86f46880e43a8fd22dc1a1a8cab1"},
]

[package.dependencies]
mdurl = ">=0.1,<1.0"

[package.extras]
benchmarking = ["psutil", "pytest", "pytest-benchmark"]
code-style = ["pre-commit (>=3.0,<4.0)"]
compare = ["commonmark (>=0.9,<1.0)", "markdown (>=3.4,<4.0)", "mistletoe (>=1.0,<2.0)", "mistune (>=2.0,<3.0)", "panflute (>=2.3,<3.0)"]
linkify = ["linkify-it-py (>=1,<3)"]
plugins = ["mdit-py-plugins"]
profiling = ["gprof2dot"]
rtd = ["jupyter_sphinx", "mdit-py-plugins", "myst-parser", "pyyaml", "sphinx", "sphinx-copybutton", "sphinx-design", "sphinx_book_theme"]
testing = ["coverage", "pytest", "pytest-cov", "pytest-regressions"]

[[package]]
name = "mdurl"
version = "0.1.2"
description = "Markdown URL utilities"
optional = false
python-versions = ">=3.7"
groups = ["main"]
files = [
    {file = "mdurl-0.1.2-py3-none-any.whl", hash = "sha256:84008a41e51615a49fc9966191ff91509e3c40b939176e643fd50a5c2196b8f8"},
    {file = "mdurl-0.1.2.tar.gz", hash = "sha256:bb413d29f5eea38f31dd4754dd7377d4465116fb207585f97bf925588687c1ba"},
]

[[package]]
name = "parsy"
version = "2.2"
description = "Easy-to-use parser combinators, for parsing in pure Python"
optional = false
python-versions = ">=3.9"
groups = ["main"]
files = [
    {file = "parsy-2.2-py3-none-any.whl", hash = "sha256:5e981613d9d2d8b68012d1dd0afe928967bea2e4eefdb76c2f545af0dd02a9e7"},
    {file = "parsy-2.2.tar.gz", hash = "sha256:e943147644a8cf0d82d1bcb5c5867dd517495254cea3e3eb058b1e421cb7561f"},
]

[[package]]
name = "pygments"
version = "2.19.2"
description = "Pygments is a syntax highlighting package written in Python."
optional = false
python-versions = ">=3.8"
groups = ["main"]
files = [
    {file = "pygments-2.19.2-py3-none-any.whl", hash = "sha256:86540386c03d588bb81d44bc3928634ff26449851e99741617ecb9037ee5ec0b"},
    {file = "pygments-2.19.2.tar.gz", hash = "sha256:636cb2477cec7f8952536970bc533bc43743542f70392ae026374600add5b887"},
]

[package.extras]
windows-terminal = ["colorama (>=0.4.6)"]

[[package]]
name = "python-sat"
version = "1.8.dev24"
description = "A Python library for prototyping with SAT oracles"
optional = false
python-versions = "*"
groups = ["main"]
files = [
    {file = "python_sat-1.8.dev24-cp310-cp310-macosx_10_9_x86_64.whl", hash = "sha256:c019d593484c4464a90d6cd204460cb71791057cd22c37517ff45bf80c269a2b"},
    {file = "python_sat-1.8.dev24-cp310-cp310-macosx_11_0_arm64.whl", hash = "sha256:f54f77e8773712169dde349ad8db33764dc1c3d5746867d21098ce6401757e27"},
    {file = "python_sat-1.8.dev24-cp310-cp310-manylinux_2_24_aarch64.manylinux_2_28_aarch64.whl", hash = "sha256:8db62ff0f974cf5e0959d30f89485cc6b5cbd4ee834720dc4c8689b4c5620a0c"},
    {file = "python_sat-1.8.dev24-cp310-cp310-manylinux_2_24_x86_64.manylinux_2_28_x86_64.whl", hash = "sha256:8d4458c7845bb3c6bedb037e9188904280a338567bbbe27ba11d829cbed050d3"},
    {file = "python_sat-1.8.dev24-cp310-cp310-musllinux_1_2_aarch64.whl", hash = "sha256:4c819b18251892853f67e3f007a1c08b7f74e01fa64dca096988e0164fd9cdbc"},
    {file = "python_sat-1.8.dev24-cp310-cp310-musllinux_1_2_x86_64.whl", hash = "sha256:4087c708f8c09a67dfa81bd81c07aaeebf18f17ef8717f6f296b3cefdb25a8f6"},
    {file = "python_sat-1.8.dev24-cp310-cp310-win_amd64.whl", hash = "sha256:fa1284e4a230e7e8632713097966379d38072cc8f74d99d8e6526e4eade2105a"},
    {file = "python_sat-1.8.dev24-cp311-cp311-macosx_10_9_x86_64.whl", hash = "sha256:bc2d3f253be89e9902f85dc5d9fcd349855149f503e87470114365468a2404dc"},
    {file = "python_sat-1.8.dev24-cp311-cp311-macosx_11_0_arm64.whl", hash = "sha256:454d3f1f9f70a1393d363033461372a7006801a62b787edbad403d42ac2e8f04"},
    {file = "python_sat-1.8.dev24-cp311-cp311-manylinux_2_24_aarch64.manylinux_2_28_aarch64.whl", hash = "sha256:a11ae3dcd15909cc9e225a80431527e110c75fd7b6b3e77fb3773fa09f2c9421"},
    {file = "python_sat-1.8.dev24-cp311-cp311-manylinux_2_24_x86_64.manylinux_2_28_x86_64.whl", hash = "sha256:8736a9dfab23290ec02778df280bb59084e468211737fd826920d7f4b38e3ac6"},
    {file = "python_sat-1.8.dev24-cp311-cp311-musllinux_1_2_aarch64.whl", hash = "sha256:ebc489815152b94ea05238b37f6af3381b6405dcf3daa1570cf4a9e37b830942"},
    {file = "python_sat-1.8.dev24-cp311-cp311-musllinux_1_2_x86_64.whl", hash = "sha256:cd1cc733f1448968dfa9b2d3e5e04502bdc8195a3b7564cefc886f551d47c699"},
    {file = "python_sat-1.8.dev24-cp311-cp311-win_amd64.whl", hash = "sha256:1441579da2c44d0674cfed135e096e9a13fffcb2520b7e05488f837bab3a4ed5"},
    {file = "python_sat-1.8.dev24-cp312-cp312-macosx_10_13_x86_64.whl", hash = "sha256:771fc8b35e90bfc29eb3d87e2a4fbd1223de1bd57dae65fdde91b3a3a7a41df8"},
    {file = "python_sat-1.8.dev24-cp312-cp312-macosx_11_0_arm64.whl", hash = "sha256:4b25392666c491736753b793fc9f9b8a21b6e08a75c89765401420f5e8d6ae7b"},
    {file = "python_sat-1.8.dev24-cp312-cp312-manylinux_2_24_aarch64.manylinux_2_28_aarch64.whl", hash = "sha256:f57f96a7961efd0825550ca2b1d2442434dab2a5679060429b43aeb62b25c694"},
    {file = "python_sat-1.8.dev24-cp312-cp312-manylinux_2_24_x86_64.manylinux_2_28_x86_64.whl", hash = "sha256:201d77637ff7f784db2be7d8ef03cd843c12d3143718c1e53d148381ba9e93ee"},
    {file = "python_sat-1.8.dev24-cp312-cp312-musllinux_1_2_aarch64.whl", hash = "sha256:7c12ad82edb7b00e96c9910b3efa3eb163e808096322aa1e356a33f44f730d1c"},
    {file = "python_sat-1.8.dev24-cp312-cp312-musllinux_1_2_x86_64.whl", hash = "sha256:b107826a95af3070b3a4b4c721de64194ce85620a3d5822ffc2adc1e258c611e"},
    {file = "python_sat-1.8.dev24-cp312-cp312-win_amd64.whl", hash = "sha256:5f6bd2d3c2a6fb5028e051c90a681db7ff962867b85c273863d54d2d3b0bc949"},
    {file = "python_sat-1.8.dev24-cp313-cp313-macosx_10_13_x86_64.whl", hash = "sha256:e26af9de7f1c3442b34b169e6031ee296f764b576f664750045a69330259aa42"},
    {file = "python_sat-1.8.dev24-cp313-cp313-macosx_11_0_arm64.whl", hash = "sha256:997ed4be995878b5f7c49a3847f09989826b44b05153c72bcc195d559e01b7d2"},
    {file = "python_sat-1.8.dev24-cp313-cp313-manylinux_2_24_aarch64.manylinux_2_28_aarch64.whl", hash = "sha256:177b509618b6d7f8360b9f28a60637c2a1510dfa95536561e2b92243c59eb9c0"},
    {file = "python_sat-1.8.dev24-cp313-cp313-manylinux_2_24_x86_64.manylinux_2_28_x86_64.whl", hash = "sha256:a1171e33a421c3372aea2404d7c93e4e8b989d023f142b0bee42b4bfe9530b41"},
    {file = "python_sat-1.8.dev24-cp313-cp313-musllinux_1_2_aarch64.whl", hash = "sha256:231d28a44bc80928440487c20eef10db9c4fd9c0bfa59e456187971f7401fbf5"},
    {file = "python_sat-1.8.dev24-cp313-cp313-musllinux_1_2_x86_64.whl", hash = "sha256:4d861216f08ff9e8a8867dd2445c3d344676a06d1450e136a00fae7166f7154b"},
    {file = "python_sat-1.8.dev24-cp313-cp313-win_amd64.whl", hash = "sha256:e1e3934a36983ef5b96a3c2d04a8eec8408204514e1a0c9d7e4b5ec48f2fd348"},
    {file = "python_sat-1.8.dev24-cp314-cp314-macosx_10_13_x86_64.whl", hash = "sha256:634450dc4a6a2d8b8401bd9094713584598fed3c9113b8af8ee7b7ca19ec52b3"},
    {file = "python_sat-1.8.dev24-cp314-cp314-macosx_11_0_arm64.whl", hash = "sha256:2944b328656c7493bc86a79e09d74c10419f82278b7a55381f718543d443987f"},
    {file = "python_sat-1.8.dev24-cp314-cp314-manylinux_2_24_aarch64.manylinux_2_28_aarch64.whl", hash = "sha256:d31ca6bd066bd931982e29cd2c15b93298bc80b6bcc7d362b67ae3a335c04b10"},
    {file = "python_sat-1.8.dev24-cp314-cp314-manylinux_2_24_x86_64.manylinux_2_28_x86_64.whl", hash = "sha256:1740a962d94101b9ad59b2040e80815284b2b133e7e3ee9f315bcdfe6782491f"},
    {file = "python_sat-1.8.dev24-cp314-cp314-musllinux_1_2_aarch64.whl", hash = "sha256:f08bceb923c3b357f357d2848cfbaf8e4bed5fb949738431694df5514634216d"},
    {file = "python_sat-1.8.dev24-cp314-cp314-musllinux_1_2_x86_64.whl", hash = "sha256:c57e686505f0089f2a9f791d9e48fd4d9fd4d9ba224096e384517ef80ed70294"},
    {file = "python_sat-1.8.dev24-cp314-cp314t-macosx_10_13_x86_64.whl", hash = "sha256:5ff6ad9db2977aae75875516b73ea35df821a676daccf11bf560246aa4fdc3e5"},
    {file = "python_sat-1.8.dev24-cp314-cp314t-macosx_11_0_arm64.whl", hash = "sha256:c4a5e39b0d1f34c4812bae474314b8082eef9c491a650f9e35951292bff7da96"},
    {file = "python_sat-1.8.dev24-cp314-cp314t-manylinux_2_24_aarch64.manylinux_2_28_aarch64.whl", hash = "sha256:f307d269445f7f18f1f95f141ca5d278a01c80cd678c25d2535fa10b5889aa29"},
    {file = "python_sat-1.8.dev24-cp314-cp314t-manylinux_2_24_x86_64.manylinux_2_28_x86_64.whl", hash = "sha256:50c615cb9e988f310ce0fbded20a0bdca7fad09fe104498b6947711892663ac2"},
    {file = "python_sat-1.8.dev24-cp314-cp314t-musllinux_1_2_aarch64.whl", hash = "sha256:d07f5b64b38deddd403ed1d0d1b84ad4383eb7c0563bb6efab3a56caa1e21342"},
    {file = "python_sat-1.8.dev24-cp314-cp314t-musllinux_1_2_x86_64.whl", hash = "sha256:2f867151bc2a93743f23e352bd75e3ce1137a3b50deb7af946d120966f26f415"},
    {file = "python_sat-1.8.dev24-cp38-cp38-macosx_10_9_x86_64.whl", hash = "sha256:b9a90192b314f45898cb7658b2092db68e4c0c752b2f3d775de895a562465730"},
    {file = "python_sat-1.8.dev24-cp38-cp38-macosx_11_0_arm64.whl", hash = "sha256:9fcc38c8a47d157e95e93aab3fa0696cb902480cd4a67810430b56566614ac4d"},
    {file = "python_sat-1.8.dev24-cp38-cp38-manylinux_2_24_aarch64.manylinux_2_28_aarch64.whl", hash = "sha256:7e85048ce786ac3c03a2d646681b6c0a8f761d14dff5b334626e3a62309aea87"},
    {file = "python_sat-1.8.dev24-cp38-cp38-manylinux_2_24_x86_64.manylinux_2_28_x86_64.whl", hash = "sha256:423b6d966e8e27751fc139b2f1e1488e621e8311d605f0c5d6590376d4079e0b"},
    {file = "python_sat-1.8.dev24-cp38-cp38-musllinux_1_2_aarch64.whl", hash = "sha256:bdf41601c31c79e74252738d82167b9e00cc6b0d79e37bfa2a5246d229c171e6"},
    {file = "python_sat-1.8.dev24-cp38-cp38-musllinux_1_2_x86_64.whl", hash = "sha256:8afecd84e409dcef544c2df9602e21726e1b41a646cec5c2524327ed0a21a043"},
    {file = "python_sat-1.8.dev24-cp38-cp38-win_amd64.whl", hash = "sha256:f3b9753a9c3a9f7bc6f0ecbefc219c68bbdaa5b77da7016a37a4333ee16f57a1"},
    {file = "python_sat-1.8.dev24-cp39-cp39-macosx_10_9_x86_64.whl", hash = "sha256:ff88202ddd917ffa533446cf2dd446635864ed61ae71ff4980a1898be52ef30f"},
    {file = "python_sat-1.8.dev24-cp39-cp39-macosx_11_0_arm64.whl", hash = "sha256:4faacc5998a6066c0cc751c32ee298b01dd2fba3397e00fc32e57c9dc53a35d5"},
    {file = "python_sat-1.8.dev24-cp39-cp39-manylinux_2_24_aarch64.manylinux_2_28_aarch64.whl", hash = "sha256:c7abda3eab04e70f6a56cd768d4ae004ca6239c4d4755f272aec97db9837bc11"},
    {file = "python_sat-1.8.dev24-cp39-cp39-manylinux_2_24_x86_64.manylinux_2_28_x86_64.whl", hash = "sha256:c59a24926c021aea87dac123bdc37dab9646d139cb0c8a7c436b7ae67fbfa907"},
    {file = "python_sat-1.8.dev24-cp39-cp39-musllinux_1_2_aarch64.whl", hash = "sha256:2ea3c7f8b1cdb0a63a55f8d40fe62a974f7b769f8e282709811b5fb57eecbbfd"},
    {file = "python_sat-1.8.dev24-cp39-cp39-musllinux_1_2_x86_64.whl", hash = "sha256:76b1de1447a351455e31ff85a28244307075cf241e7abda2a848c9be3422bc1e"},
    {file = "python_sat-1.8.dev24-cp39-cp39-win_amd64.whl", hash = "sha256:f0949204d82d37f181fd136f0d30d8a0cc81617c6592c3f73a2cf6cc9b3722ce"},
    {file = "python_sat-1.8.dev24.tar.gz", hash = "sha256:7fd36768f70774d3489d64efa6483dd6279a61e8c9dbd90000e2dc6e76c398cd"},
]

[package.dependencies]
six = "*"

[package.extras]
aiger = ["py-aiger-cnf (>=2.0.0)"]
approxmc = ["pyapproxmc (>=4.1.8)"]
cryptosat = ["pycryptosat (>=5.11.18)"]
pblib = ["pypblib (>=0.0.3)"]
unigen = ["pyunigen (>=4.1.20)"]

[[package]]
name = "returns"
version = "0.26.0"
description = "Make your functions return something meaningful, typed, and safe!"
optional = false
python-versions = "<4.0,>=3.10"
groups = ["main"]
files = [
    {file = "returns-0.26.0-py3-none-any.whl", hash = "sha256:7cae94c730d6c56ffd9d0f583f7a2c0b32cfe17d141837150c8e6cff3eb30d71"},
    {file = "returns-0.26.0.tar.gz", hash = "sha256:180320e0f6e9ea9845330ccfc020f542330f05b7250941d9b9b7c00203fcc3da"},
]

[package.dependencies]
typing-extensions = ">=4.0,<5.0"

[package.extras]
check-laws = ["hypothesis (>=6.136,<7.0)", "pytest (>=8.0,<9.0)"]
compatible-mypy = ["mypy (>=1.12,<1.18)"]

[[package]]
name = "rich"
version = "13.9.4"
description = "Render rich text, tables, progress bars, syntax highlighting, markdown and more to the terminal"
optional = false
python-versions = ">=3.8.0"
groups = ["main"]
files = [
    {file = "rich-13.9.4-py3-none-any.whl", hash = "sha256:6049d5e6ec054bf2779ab3358186963bac2ea89175919d699e378b99738c2a90"},
    {file = "rich-13.9.4.tar.gz", hash = "sha256:439594978a49a09530cff7ebc4b5c7103ef57baf48d5ea3184f21d9a2befa098"},
]

[package.dependencies]
markdown-it-py = ">=2.2.0"
pygments = ">=2.13.0,<3.0.0"

[package.extras]
jupyter = ["ipywidgets (>=7.5.1,<9)"]

[[package]]
name = "shellingham"
version = "1.5.4"
description = "Tool to Detect Surrounding Shell"
optional = false
python-versions = ">=3.7"
groups = ["main"]
files = [
    {file = "shellingham-1.5.4-py2.py3-none-any.whl", hash = "sha256:7ecfff8f2fd72616f7481040475a65b2bf8af90a56c89140852d1120324e8686"},
    {file = "shellingham-1.5.4.tar.gz", hash = "sha256:8dbca0739d487e5bd35ab3ca4b36e11c4078f3a234bfce294b0a0291363404de"},
]

[[package]]
name = "six"
version = "1.17.0"
description = "Python 2 and 3 compatibility utilities"
optional = false
python-versions = "!=3.0.*,!=3.1.*,!=3.2.*,>=2.7"
groups = ["main"]
files = [
    {file = "six-1.17.0-py2.py3-none-any.whl", hash = "sha256:4721f391ed90541fddacab5acf947aa0d3dc7d27b2e1e8eda2be8970586c3274"},
    {file = "six-1.17.0.tar.gz", hash = "sha256:ff70335d468e7eb6ec65b95b99d3a2836546063f63acc5171de367e834932a81"},
]

[[package]]
name = "typer"
version = "0.12.5"
description = "Typer, build great CLIs. Easy to code. Based on Python type hints."
optional = false
python-versions = ">=3.7"
groups = ["main"]
files = [
    {file = "typer-0.12.5-py3-none-any.whl", hash = "sha256:62fe4e471711b147e3365034133904df3e235698399bc4de2b36c8579298d52b"},
    {file = "typer-0.12.5.tar.gz", hash = "sha256:f592f089bedcc8ec1b974125d64851029c3b1af145f04aca64d69410f0c9b722"},
]

[package.dependencies]
click = ">=8.0.0"
rich = ">=10.11.0"
shellingham = ">=1.3.0"
typing-extensions = ">=3.7.4.3"

[[package]]
name = "typing-extensions"
version = "4.15.0"
description = "Backported and Experimental Type Hints for Python 3.9+"
optional = false
python-versions = ">=3.9"
groups = ["main"]
files = [
    {file = "typing_extensions-4.15.0-py3-none-any.whl", hash = "sha256:f0fa19c6845758ab08074a0cfa8b7aecb71c999ca73d62883bc25cc018c4e548"},
    {file = "typing_extensions-4.15.0.tar.gz", hash = "sha256:0cea48d173cc12fa28ecabc3b837ea3cf6f38c6d1136f85cbaaf598984861466"},
]

[metadata]
lock-version = "2.1"
python-versions = "^3.12"
content-hash = "02cfcdbb3ad4a5e8cd34dc95e2a160b5e04075c083699133d34ed1be00e6fcb1"
